
Microsoft Visual Studio Solution File, Format Version 12.00
# Visual Studio Version 17
VisualStudioVersion = 17.4.33213.308
MinimumVisualStudioVersion = 10.0.40219.1
Project("{FAE04EC0-301F-11D3-BF4B-00C04F79EFBC}") = "ptpm_pr1", "ptpm_pr1\ptpm_pr1.csproj", "{6795C92B-2DBB-4F92-BF9D-5B31388A6109}"
EndProject
Global
	GlobalSection(SolutionConfigurationPlatforms) = preSolution
		Debug|Any CPU = Debug|Any CPU
		Release|Any CPU = Release|Any CPU
	EndGlobalSection
	GlobalSection(ProjectConfigurationPlatforms) = postSolution
		{6795C92B-2DBB-4F92-BF9D-5B31388A6109}.Debug|Any CPU.ActiveCfg = Debug|Any CPU
		{6795C92B-2DBB-4F92-BF9D-5B31388A6109}.Debug|Any CPU.Build.0 = Debug|Any CPU
		{6795C92B-2DBB-4F92-BF9D-5B31388A6109}.Release|Any CPU.ActiveCfg = Release|Any CPU
		{6795C92B-2DBB-4F92-BF9D-5B31388A6109}.Release|Any CPU.Build.0 = Release|Any CPU
	EndGlobalSection
	GlobalSection(SolutionProperties) = preSolution
		HideSolutionNode = FALSE
	EndGlobalSection
	GlobalSection(ExtensibilityGlobals) = postSolution
		SolutionGuid = {856EFBBC-8804-40B7-B749-981563CD2F22}
	EndGlobalSection
EndGlobal
